
Microsoft Visual Studio Solution File, Format Version 12.00
# Visual Studio 15
VisualStudioVersion = 15.0.28010.2026
MinimumVisualStudioVersion = 10.0.40219.1
Project("{FAE04EC0-301F-11D3-BF4B-00C04F79EFBC}") = "inf", "inf\inf.csproj", "{7BF9B5AE-043E-49F6-BB03-FDEE07BF6C06}"
EndProject
Global
	GlobalSection(SolutionConfigurationPlatforms) = preSolution
		Debug|Any CPU = Debug|Any CPU
		Release|Any CPU = Release|Any CPU
	EndGlobalSection
	GlobalSection(ProjectConfigurationPlatforms) = postSolution
		{7BF9B5AE-043E-49F6-BB03-FDEE07BF6C06}.Debug|Any CPU.ActiveCfg = Debug|Any CPU
		{7BF9B5AE-043E-49F6-BB03-FDEE07BF6C06}.Debug|Any CPU.Build.0 = Debug|Any CPU
		{7BF9B5AE-043E-49F6-BB03-FDEE07BF6C06}.Release|Any CPU.ActiveCfg = Release|Any CPU
		{7BF9B5AE-043E-49F6-BB03-FDEE07BF6C06}.Release|Any CPU.Build.0 = Release|Any CPU
	EndGlobalSection
	GlobalSection(SolutionProperties) = preSolution
		HideSolutionNode = FALSE
	EndGlobalSection
	GlobalSection(ExtensibilityGlobals) = postSolution
		SolutionGuid = {2E7EA80F-DA62-49B7-9AA2-81B81746838B}
	EndGlobalSection
EndGlobal
